# Generated by pub
# See https://dart.dev/tools/pub/glossary#lockfile
packages:
  collection:
    dependency: transitive
    description:
      name: collection
      sha256: "2f5709ae4d3d59dd8f7cd309b4e023046b57d8a6c82130785d2b0e5868084e76"
      url: "https://pub.flutter-io.cn"
    source: hosted
    version: "1.19.1"
  ffi:
    dependency: "direct main"
    description:
      name: ffi
      sha256: "6d7fd89431262d8f3125e81b50d3847a091d846eafcd4fdb88dd06f36d705a45"
      url: "https://pub.flutter-io.cn"
    source: hosted
    version: "2.2.0"
  fixnum:
    dependency: transitive
    description:
      name: fixnum
      sha256: b6dc7065e46c974bc7c5f143080a6764ec7a4be6da1285ececdc37be96de53be
      url: "https://pub.flutter-io.cn"
    source: hosted
    version: "1.1.1"
  meta:
    dependency: transitive
    description:
      name: meta
      sha256: c82594181e3312f3d0695fc95aaaf7758d75b8d4ae2bbecf223b9fd5109a059d
      url: "https://pub.flutter-io.cn"
    source: hosted
    version: "1.18.3"
  protobuf:
    dependency: "direct main"
    description:
      name: protobuf
      sha256: "68645b24e0716782e58948f8467fd42a880f255096a821f9e7d0ec625b00c84d"
      url: "https://pub.flutter-io.cn"
    source: hosted
    version: "3.1.0"
sdks:
  dart: ">=3.7.0 <4.0.0"
